
Microsoft Visual Studio Solution File, Format Version 12.00
# Visual Studio Version 16
VisualStudioVersion = 16.0.31729.503
MinimumVisualStudioVersion = 10.0.40219.1
Project("{FAE04EC0-301F-11D3-BF4B-00C04F79EFBC}") = "Even_number", "Even_number\Even_number.csproj", "{5E6FA3C1-9B30-46F2-9AC9-C10709C01DED}"
EndProject
Global
	GlobalSection(SolutionConfigurationPlatforms) = preSolution
		Debug|Any CPU = Debug|Any CPU
		Release|Any CPU = Release|Any CPU
	EndGlobalSection
	GlobalSection(ProjectConfigurationPlatforms) = postSolution
		{5E6FA3C1-9B30-46F2-9AC9-C10709C01DED}.Debug|Any CPU.ActiveCfg = Debug|Any CPU
		{5E6FA3C1-9B30-46F2-9AC9-C10709C01DED}.Debug|Any CPU.Build.0 = Debug|Any CPU
		{5E6FA3C1-9B30-46F2-9AC9-C10709C01DED}.Release|Any CPU.ActiveCfg = Release|Any CPU
		{5E6FA3C1-9B30-46F2-9AC9-C10709C01DED}.Release|Any CPU.Build.0 = Release|Any CPU
	EndGlobalSection
	GlobalSection(SolutionProperties) = preSolution
		HideSolutionNode = FALSE
	EndGlobalSection
	GlobalSection(ExtensibilityGlobals) = postSolution
		SolutionGuid = {2F584960-72D7-4400-A210-0EBEA30AC4DD}
	EndGlobalSection
EndGlobal
