
Microsoft Visual Studio Solution File, Format Version 12.00
# Visual Studio Version 16
VisualStudioVersion = 16.0.31729.503
MinimumVisualStudioVersion = 10.0.40219.1
Project("{FAE04EC0-301F-11D3-BF4B-00C04F79EFBC}") = "Month", "Month\Month.csproj", "{4793DFE2-60E0-49BE-8E3B-F8E07955876E}"
EndProject
Global
	GlobalSection(SolutionConfigurationPlatforms) = preSolution
		Debug|Any CPU = Debug|Any CPU
		Release|Any CPU = Release|Any CPU
	EndGlobalSection
	GlobalSection(ProjectConfigurationPlatforms) = postSolution
		{4793DFE2-60E0-49BE-8E3B-F8E07955876E}.Debug|Any CPU.ActiveCfg = Debug|Any CPU
		{4793DFE2-60E0-49BE-8E3B-F8E07955876E}.Debug|Any CPU.Build.0 = Debug|Any CPU
		{4793DFE2-60E0-49BE-8E3B-F8E07955876E}.Release|Any CPU.ActiveCfg = Release|Any CPU
		{4793DFE2-60E0-49BE-8E3B-F8E07955876E}.Release|Any CPU.Build.0 = Release|Any CPU
	EndGlobalSection
	GlobalSection(SolutionProperties) = preSolution
		HideSolutionNode = FALSE
	EndGlobalSection
	GlobalSection(ExtensibilityGlobals) = postSolution
		SolutionGuid = {DF6CEE58-FB68-4CC2-804A-BCDAFF45733F}
	EndGlobalSection
EndGlobal
